
Microsoft Visual Studio Solution File, Format Version 12.00
# Visual Studio 15
VisualStudioVersion = 15.0.28010.2003
MinimumVisualStudioVersion = 10.0.40219.1
Project("{8BC9CEB8-8B4A-11D0-8D11-00A0C91BC942}") = "FDumper-cli", "FDumper\fDumper.vcxproj", "{FEE080AB-DB96-4E7C-9971-A2BBC21F4B13}"
EndProject
Global
	GlobalSection(SolutionConfigurationPlatforms) = preSolution
		Debug|x64 = Debug|x64
		Debug|x86 = Debug|x86
		Release|x64 = Release|x64
		Release|x86 = Release|x86
	EndGlobalSection
	GlobalSection(ProjectConfigurationPlatforms) = postSolution
		{FEE080AB-DB96-4E7C-9971-A2BBC21F4B13}.Debug|x64.ActiveCfg = Debug|x64
		{FEE080AB-DB96-4E7C-9971-A2BBC21F4B13}.Debug|x64.Build.0 = Debug|x64
		{FEE080AB-DB96-4E7C-9971-A2BBC21F4B13}.Debug|x86.ActiveCfg = Debug|Win32
		{FEE080AB-DB96-4E7C-9971-A2BBC21F4B13}.Debug|x86.Build.0 = Debug|Win32
		{FEE080AB-DB96-4E7C-9971-A2BBC21F4B13}.Release|x64.ActiveCfg = Release|x64
		{FEE080AB-DB96-4E7C-9971-A2BBC21F4B13}.Release|x64.Build.0 = Release|x64
		{FEE080AB-DB96-4E7C-9971-A2BBC21F4B13}.Release|x86.ActiveCfg = Release|Win32
		{FEE080AB-DB96-4E7C-9971-A2BBC21F4B13}.Release|x86.Build.0 = Release|Win32
	EndGlobalSection
	GlobalSection(SolutionProperties) = preSolution
		HideSolutionNode = FALSE
	EndGlobalSection
	GlobalSection(ExtensibilityGlobals) = postSolution
		SolutionGuid = {21F1AB94-C157-4D57-8238-C23C868132DB}
	EndGlobalSection
EndGlobal
